Microsoft Visual Studio Solution File, Format Version 12.00
# Visual Studio Version 17
VisualStudioVersion = 17.0.31612.314
MinimumVisualStudioVersion = 10.0.40219.1
Project("{9A19103F-16F7-4668-BE54-9A1E7A4F7556}") = "HotelReservationService.WebAPI", "HotelReservationService.WebAPI\HotelReservationService.WebAPI.csproj", "{7897F53F-721E-4F07-8737-20633D840749}"
EndProject
Project("{9A19103F-16F7-4668-BE54-9A1E7A4F7556}") = "HotelReservationService.Entity", "HotelReservationService.Entity\HotelReservationService.Entity.csproj", "{D858BB79-09ED-4A40-8A63-2E391D98148F}"
EndProject
Project("{9A19103F-16F7-4668-BE54-9A1E7A4F7556}") = "HotelReservationService.Common", "HotelReservationService.Common\HotelReservationService.Common.csproj", "{9E4FEE88-15CF-4C9F-8146-F75C0B2A28CA}"
EndProject
Project("{9A19103F-16F7-4668-BE54-9A1E7A4F7556}") = "HotelReservationService.Core", "HotelReservationService.Core\HotelReservationService.Core.csproj", "{7049F9CD-0EC2-472C-A749-0189995DD579}"
EndProject
Project("{9A19103F-16F7-4668-BE54-9A1E7A4F7556}") = "HotelReservationService.Business", "HotelReservationService.Business\HotelReservationService.Business.csproj", "{5053D032-FF28-4204-B830-FF789AA5A0D9}"
EndProject
Project("{9A19103F-16F7-4668-BE54-9A1E7A4F7556}") = "HotelReservationService.DataAccess", "HotelReservationService.DataAccess\HotelReservationService.DataAccess.csproj", "{4619B7B4-6676-4DB1-9C1A-E6AFC43F19BC}"
EndProject
Project("{9A19103F-16F7-4668-BE54-9A1E7A4F7556}") = "HotelReservationService.DependancyInjection", "HotelReservationService.DependancyInjection\HotelReservationService.DependancyInjection.csproj", "{558BF281-9607-4A4F-A29B-28A0EF393F40}"
EndProject
Project("{2150E333-8FDC-42A3-9474-1A3956D46DE8}") = "Framework", "Framework", "{9604B9B0-9D0E-45CE-B09A-98A6A3F72A25}"
EndProject
Project("{2150E333-8FDC-42A3-9474-1A3956D46DE8}") = "HotelReservationService", "HotelReservationService", "{3EDCD070-623E-4944-B3B4-E8FEC85E5B9D}"
EndProject
Project("{9A19103F-16F7-4668-BE54-9A1E7A4F7556}") = "Framework.Core", "Framework.Core\Framework.Core.csproj", "{2DAE4B41-5B33-43F3-85F0-FCC9E49EC43A}"
EndProject
Project("{9A19103F-16F7-4668-BE54-9A1E7A4F7556}") = "Framework.Common", "Framework.Common\Framework.Common.csproj", "{4DE1FF46-6227-4790-9FA4-A5F699F798C5}"
EndProject
Project("{9A19103F-16F7-4668-BE54-9A1E7A4F7556}") = "Framework.DataAccess", "Framework.DataAccess\Framework.DataAccess.csproj", "{91A87487-E5D3-4FD1-89A9-E9BFB36CC7E5}"
EndProject
Global
	GlobalSection(SolutionConfigurationPlatforms) = preSolution
		Debug|Any CPU = Debug|Any CPU
		Debug|x86 = Debug|x86
		Release|Any CPU = Release|Any CPU
		Release|x86 = Release|x86
	EndGlobalSection
	GlobalSection(ProjectConfigurationPlatforms) = postSolution
		{7897F53F-721E-4F07-8737-20633D840749}.Debug|Any CPU.ActiveCfg = Debug|Any CPU
		{7897F53F-721E-4F07-8737-20633D840749}.Debug|Any CPU.Build.0 = Debug|Any CPU
		{7897F53F-721E-4F07-8737-20633D840749}.Debug|x86.ActiveCfg = Debug|Any CPU
		{7897F53F-721E-4F07-8737-20633D840749}.Debug|x86.Build.0 = Debug|Any CPU
		{7897F53F-721E-4F07-8737-20633D840749}.Release|Any CPU.ActiveCfg = Release|Any CPU
		{7897F53F-721E-4F07-8737-20633D840749}.Release|Any CPU.Build.0 = Release|Any CPU
		{7897F53F-721E-4F07-8737-20633D840749}.Release|x86.ActiveCfg = Release|Any CPU
		{7897F53F-721E-4F07-8737-20633D840749}.Release|x86.Build.0 = Release|Any CPU
		{D858BB79-09ED-4A40-8A63-2E391D98148F}.Debug|Any CPU.ActiveCfg = Debug|Any CPU
		{D858BB79-09ED-4A40-8A63-2E391D98148F}.Debug|Any CPU.Build.0 = Debug|Any CPU
		{D858BB79-09ED-4A40-8A63-2E391D98148F}.Debug|x86.ActiveCfg = Debug|Any CPU
		{D858BB79-09ED-4A40-8A63-2E391D98148F}.Debug|x86.Build.0 = Debug|Any CPU
		{D858BB79-09ED-4A40-8A63-2E391D98148F}.Release|Any CPU.ActiveCfg = Release|Any CPU
		{D858BB79-09ED-4A40-8A63-2E391D98148F}.Release|Any CPU.Build.0 = Release|Any CPU
		{D858BB79-09ED-4A40-8A63-2E391D98148F}.Release|x86.ActiveCfg = Release|Any CPU
		{D858BB79-09ED-4A40-8A63-2E391D98148F}.Release|x86.Build.0 = Release|Any CPU
		{9E4FEE88-15CF-4C9F-8146-F75C0B2A28CA}.Debug|Any CPU.ActiveCfg = Debug|Any CPU
		{9E4FEE88-15CF-4C9F-8146-F75C0B2A28CA}.Debug|Any CPU.Build.0 = Debug|Any CPU
		{9E4FEE88-15CF-4C9F-8146-F75C0B2A28CA}.Debug|x86.ActiveCfg = Debug|Any CPU
		{9E4FEE88-15CF-4C9F-8146-F75C0B2A28CA}.Debug|x86.Build.0 = Debug|Any CPU
		{9E4FEE88-15CF-4C9F-8146-F75C0B2A28CA}.Release|Any CPU.ActiveCfg = Release|Any CPU
		{9E4FEE88-15CF-4C9F-8146-F75C0B2A28CA}.Release|Any CPU.Build.0 = Release|Any CPU
		{9E4FEE88-15CF-4C9F-8146-F75C0B2A28CA}.Release|x86.ActiveCfg = Release|Any CPU
		{9E4FEE88-15CF-4C9F-8146-F75C0B2A28CA}.Release|x86.Build.0 = Release|Any CPU
		{7049F9CD-0EC2-472C-A749-0189995DD579}.Debug|Any CPU.ActiveCfg = Debug|Any CPU
		{7049F9CD-0EC2-472C-A749-0189995DD579}.Debug|Any CPU.Build.0 = Debug|Any CPU
		{7049F9CD-0EC2-472C-A749-0189995DD579}.Debug|x86.ActiveCfg = Debug|Any CPU
		{7049F9CD-0EC2-472C-A749-0189995DD579}.Debug|x86.Build.0 = Debug|Any CPU
		{7049F9CD-0EC2-472C-A749-0189995DD579}.Release|Any CPU.ActiveCfg = Release|Any CPU
		{7049F9CD-0EC2-472C-A749-0189995DD579}.Release|Any CPU.Build.0 = Release|Any CPU
		{7049F9CD-0EC2-472C-A749-0189995DD579}.Release|x86.ActiveCfg = Release|Any CPU
		{7049F9CD-0EC2-472C-A749-0189995DD579}.Release|x86.Build.0 = Release|Any CPU
		{5053D032-FF28-4204-B830-FF789AA5A0D9}.Debug|Any CPU.ActiveCfg = Debug|Any CPU
		{5053D032-FF28-4204-B830-FF789AA5A0D9}.Debug|Any CPU.Build.0 = Debug|Any CPU
		{5053D032-FF28-4204-B830-FF789AA5A0D9}.Debug|x86.ActiveCfg = Debug|Any CPU
		{5053D032-FF28-4204-B830-FF789AA5A0D9}.Debug|x86.Build.0 = Debug|Any CPU
		{5053D032-FF28-4204-B830-FF789AA5A0D9}.Release|Any CPU.ActiveCfg = Release|Any CPU
		{5053D032-FF28-4204-B830-FF789AA5A0D9}.Release|Any CPU.Build.0 = Release|Any CPU
		{5053D032-FF28-4204-B830-FF789AA5A0D9}.Release|x86.ActiveCfg = Release|Any CPU
		{5053D032-FF28-4204-B830-FF789AA5A0D9}.Release|x86.Build.0 = Release|Any CPU
		{4619B7B4-6676-4DB1-9C1A-E6AFC43F19BC}.Debug|Any CPU.ActiveCfg = Debug|Any CPU
		{4619B7B4-6676-4DB1-9C1A-E6AFC43F19BC}.Debug|Any CPU.Build.0 = Debug|Any CPU
		{4619B7B4-6676-4DB1-9C1A-E6AFC43F19BC}.Debug|x86.ActiveCfg = Debug|Any CPU
		{4619B7B4-6676-4DB1-9C1A-E6AFC43F19BC}.Debug|x86.Build.0 = Debug|Any CPU
		{4619B7B4-6676-4DB1-9C1A-E6AFC43F19BC}.Release|Any CPU.ActiveCfg = Release|Any CPU
		{4619B7B4-6676-4DB1-9C1A-E6AFC43F19BC}.Release|Any CPU.Build.0 = Release|Any CPU
		{4619B7B4-6676-4DB1-9C1A-E6AFC43F19BC}.Release|x86.ActiveCfg = Release|Any CPU
		{4619B7B4-6676-4DB1-9C1A-E6AFC43F19BC}.Release|x86.Build.0 = Release|Any CPU
		{558BF281-9607-4A4F-A29B-28A0EF393F40}.Debug|Any CPU.ActiveCfg = Debug|Any CPU
		{558BF281-9607-4A4F-A29B-28A0EF393F40}.Debug|Any CPU.Build.0 = Debug|Any CPU
		{558BF281-9607-4A4F-A29B-28A0EF393F40}.Debug|x86.ActiveCfg = Debug|Any CPU
		{558BF281-9607-4A4F-A29B-28A0EF393F40}.Debug|x86.Build.0 = Debug|Any CPU
		{558BF281-9607-4A4F-A29B-28A0EF393F40}.Release|Any CPU.ActiveCfg = Release|Any CPU
		{558BF281-9607-4A4F-A29B-28A0EF393F40}.Release|Any CPU.Build.0 = Release|Any CPU
		{558BF281-9607-4A4F-A29B-28A0EF393F40}.Release|x86.ActiveCfg = Release|Any CPU
		{558BF281-9607-4A4F-A29B-28A0EF393F40}.Release|x86.Build.0 = Release|Any CPU
		{2DAE4B41-5B33-43F3-85F0-FCC9E49EC43A}.Debug|Any CPU.ActiveCfg = Debug|Any CPU
		{2DAE4B41-5B33-43F3-85F0-FCC9E49EC43A}.Debug|Any CPU.Build.0 = Debug|Any CPU
		{2DAE4B41-5B33-43F3-85F0-FCC9E49EC43A}.Debug|x86.ActiveCfg = Debug|Any CPU
		{2DAE4B41-5B33-43F3-85F0-FCC9E49EC43A}.Debug|x86.Build.0 = Debug|Any CPU
		{2DAE4B41-5B33-43F3-85F0-FCC9E49EC43A}.Release|Any CPU.ActiveCfg = Release|Any CPU
		{2DAE4B41-5B33-43F3-85F0-FCC9E49EC43A}.Release|Any CPU.Build.0 = Release|Any CPU
		{2DAE4B41-5B33-43F3-85F0-FCC9E49EC43A}.Release|x86.ActiveCfg = Release|Any CPU
		{2DAE4B41-5B33-43F3-85F0-FCC9E49EC43A}.Release|x86.Build.0 = Release|Any CPU
		{4DE1FF46-6227-4790-9FA4-A5F699F798C5}.Debug|Any CPU.ActiveCfg = Debug|Any CPU
		{4DE1FF46-6227-4790-9FA4-A5F699F798C5}.Debug|Any CPU.Build.0 = Debug|Any CPU
		{4DE1FF46-6227-4790-9FA4-A5F699F798C5}.Debug|x86.ActiveCfg = Debug|Any CPU
		{4DE1FF46-6227-4790-9FA4-A5F699F798C5}.Debug|x86.Build.0 = Debug|Any CPU
		{4DE1FF46-6227-4790-9FA4-A5F699F798C5}.Release|Any CPU.ActiveCfg = Release|Any CPU
		{4DE1FF46-6227-4790-9FA4-A5F699F798C5}.Release|Any CPU.Build.0 = Release|Any CPU
		{4DE1FF46-6227-4790-9FA4-A5F699F798C5}.Release|x86.ActiveCfg = Release|Any CPU
		{4DE1FF46-6227-4790-9FA4-A5F699F798C5}.Release|x86.Build.0 = Release|Any CPU
		{91A87487-E5D3-4FD1-89A9-E9BFB36CC7E5}.Debug|Any CPU.ActiveCfg = Debug|Any CPU
		{91A87487-E5D3-4FD1-89A9-E9BFB36CC7E5}.Debug|Any CPU.Build.0 = Debug|Any CPU
		{91A87487-E5D3-4FD1-89A9-E9BFB36CC7E5}.Debug|x86.ActiveCfg = Debug|Any CPU
		{91A87487-E5D3-4FD1-89A9-E9BFB36CC7E5}.Debug|x86.Build.0 = Debug|Any CPU
		{91A87487-E5D3-4FD1-89A9-E9BFB36CC7E5}.Release|Any CPU.ActiveCfg = Release|Any CPU
		{91A87487-E5D3-4FD1-89A9-E9BFB36CC7E5}.Release|Any CPU.Build.0 = Release|Any CPU
		{91A87487-E5D3-4FD1-89A9-E9BFB36CC7E5}.Release|x86.ActiveCfg = Release|Any CPU
		{91A87487-E5D3-4FD1-89A9-E9BFB36CC7E5}.Release|x86.Build.0 = Release|Any CPU
	EndGlobalSection
	GlobalSection(SolutionProperties) = preSolution
		HideSolutionNode = FALSE
	EndGlobalSection
	GlobalSection(NestedProjects) = preSolution
		{7897F53F-721E-4F07-8737-20633D840749} = {3EDCD070-623E-4944-B3B4-E8FEC85E5B9D}
		{D858BB79-09ED-4A40-8A63-2E391D98148F} = {3EDCD070-623E-4944-B3B4-E8FEC85E5B9D}
		{9E4FEE88-15CF-4C9F-8146-F75C0B2A28CA} = {3EDCD070-623E-4944-B3B4-E8FEC85E5B9D}
		{7049F9CD-0EC2-472C-A749-0189995DD579} = {3EDCD070-623E-4944-B3B4-E8FEC85E5B9D}
		{5053D032-FF28-4204-B830-FF789AA5A0D9} = {3EDCD070-623E-4944-B3B4-E8FEC85E5B9D}
		{4619B7B4-6676-4DB1-9C1A-E6AFC43F19BC} = {3EDCD070-623E-4944-B3B4-E8FEC85E5B9D}
		{558BF281-9607-4A4F-A29B-28A0EF393F40} = {3EDCD070-623E-4944-B3B4-E8FEC85E5B9D}
		{2DAE4B41-5B33-43F3-85F0-FCC9E49EC43A} = {9604B9B0-9D0E-45CE-B09A-98A6A3F72A25}
		{4DE1FF46-6227-4790-9FA4-A5F699F798C5} = {9604B9B0-9D0E-45CE-B09A-98A6A3F72A25}
		{91A87487-E5D3-4FD1-89A9-E9BFB36CC7E5} = {9604B9B0-9D0E-45CE-B09A-98A6A3F72A25}
	EndGlobalSection
	GlobalSection(ExtensibilityGlobals) = postSolution
		SolutionGuid = {4C4C237D-8B02-4175-A98B-3E1399AF7DEC}
	EndGlobalSection
EndGlobal
